// !$*UTF8*$!
{
	archiveVersion = 1;
	classes = {
	};
	objectVersion = 77;
	objects = {

/* Begin PBXContainerItemProxy section */
		DD4DA9E22EE4B0DA00804A36 /* PBXContainerItemProxy */ = {
			isa = PBXContainerItemProxy;
			containerPortal = DD4DA9C72EE4B0D900804A36 /* Project object */;
			proxyType = 1;
			remoteGlobalIDString = DD4DA9CE2EE4B0D900804A36;
			remoteInfo = Edmund;
		};
		DD4DA9EC2EE4B0DA00804A36 /* PBXContainerItemProxy */ = {
			isa = PBXContainerItemProxy;
			containerPortal = DD4DA9C72EE4B0D900804A36 /* Project object */;
			proxyType = 1;
			remoteGlobalIDString = DD4DA9CE2EE4B0D900804A36;
			remoteInfo = Edmund;
		};
/* End PBXContainerItemProxy section */

/* Begin PBXFileReference section */
		DD4DA9CF2EE4B0D900804A36 /* Edmund.app */ = {isa = PBXFileReference; explicitFileType = wrapper.application; includeInIndex = 0; path = Edmund.app; sourceTree = BUILT_PRODUCTS_DIR; };
		DD4DA9E12EE4B0DA00804A36 /* EdmundTests.xctest */ = {isa = PBXFileReference; explicitFileType = wrapper.cfbundle; includeInIndex = 0; path = EdmundTests.xctest; sourceTree = BUILT_PRODUCTS_DIR; };
		DD4DA9EB2EE4B0DA00804A36 /* EdmundUITests.xctest */ = {isa = PBXFileReference; explicitFileType = wrapper.cfbundle; includeInIndex = 0; path = EdmundUITests.xctest; sourceTree = BUILT_PRODUCTS_DIR; };
		DDEC5C4C2EE68A0F00A2F89D /* Edmund.xctestplan */ = {isa = PBXFileReference; lastKnownFileType = text; path = Edmund.xctestplan; sourceTree = "<group>"; };
/* End PBXFileReference section */

/* Begin PBXFileSystemSynchronizedBuildFileExceptionSet section */
		DD4DA9FE2EE4B0E600804A36 /* Exceptions for "Edmund" folder in "Edmund" target */ = {
			isa = PBXFileSystemSynchronizedBuildFileExceptionSet;
			membershipExceptions = (
				AppLoader.swift,
				ContentView.swift,
				Models/Budget/BudgetGoal.swift,
				Models/Budget/BudgetInstance.swift,
				Models/Budget/BudgetMonth.swift,
				Models/Budget/BudgetSavingsGoal.swift,
				Models/Budget/BudgetSpendingGoal.swift,
				Models/ChildrenUpdater.swift,
				Models/IncomeDivision/IncomeDevotion.swift,
				Models/IncomeDivision/IncomeDivision.swift,
				Models/IncomeDivision/IncomeKind.swift,
				Models/Jobs/HourlyJob.swift,
				Models/Jobs/SalariedJob.swift,
				Models/Jobs/TraditionalJob.swift,
				Models/LimitedQueue.swift,
				Models/Schema/Dep/1/Bills.swift,
				"Models/Schema/Dep/1/Budgets Schema.swift",
				"Models/Schema/Dep/1/IncomeDivisions Schema.swift",
				Models/Schema/Dep/1/Jobs.swift,
				"Models/Schema/Dep/1/Ledger Schema.swift",
				Models/Schema/Dep/1/Organization.swift,
				Models/Schema/Dep/Schemas.swift,
				Models/UniqueEngine.swift,
				Models/UpcomingBills.swift,
				Models/UTType.swift,
				Persistence.swift,
				Views/About.swift,
				Views/AltRowView.swift,
				Views/AppErrorView.swift,
				Views/Bills/AllBillsViewEdit.swift,
				Views/Bills/AllExpiredBillsVE.swift,
				Views/Bills/BillEdit.swift,
				Views/Bills/BillHistoryEdit.swift,
				Views/Bills/BillHistoryGraph.swift,
				Views/Bills/BillHistoryInspect.swift,
				Views/Bills/BillInspect.swift,
				Views/BoundPairEdit.swift,
				Views/Budget/BudgetAdd.swift,
				Views/Budget/BudgetPicker.swift,
				Views/Budget/Budgets.swift,
				Views/Budget/Edit/BudgetGoalCloseEdit.swift,
				Views/Budget/Edit/BudgetGoalEdit.swift,
				Views/Budget/Edit/BudgetIncomeEdit.swift,
				Views/Budget/Edit/BudgetMonthEdit.swift,
				Views/Budget/Inspect/BudgetComputePipeline.swift,
				Views/Budget/Inspect/BudgetGoalCloseLook.swift,
				Views/Budget/Inspect/BudgetGoalsErrorView.swift,
				Views/Budget/Inspect/BudgetGoalsInspect.swift,
				Views/Budget/Inspect/BudgetIncomeInspect.swift,
				Views/Budget/Inspect/BudgetInspectState.swift,
				Views/Budget/Inspect/BudgetMonthInspect.swift,
				Views/Budget/YearRow.swift,
				Views/Element/ElementDisplayer.swift,
				Views/Element/ElementEdit.swift,
				Views/Element/ElementIE.swift,
				Views/Element/ElementIEBase.swift,
				Views/Element/ElementIEContext.swift,
				Views/Element/ElementInspect.swift,
				Views/Element/ElementPicker.swift,
				Views/Element/InspectEditTitle.swift,
				Views/Element/UndoWrappers.swift,
				Views/GeneralCommands.swift,
				Views/Help/Fetching.swift,
				Views/Help/HelpEngine.swift,
				Views/Help/HelpResource.swift,
				Views/Help/HelpResourcePresenter.swift,
				Views/Help/HelpTreePresenter.swift,
				Views/Help/LoadedHelpResource.swift,
				Views/Help/TopicButton.swift,
				Views/Help/TopicGroupPresenter.swift,
				Views/Help/TopicPresenter.swift,
				Views/Homepage/ChoicePicker.swift,
				Views/Homepage/ChoiceRenderer.swift,
				Views/Homepage/Homepage.swift,
				Views/Homepage/HomepageEditor.swift,
				Views/Homepage/SplitChoicePicker.swift,
				Views/Homepage/SplitChoiceRenderer.swift,
				Views/Homepage/Widgets/MoneyGraph.swift,
				Views/Homepage/Widgets/SimpleBalancesView.swift,
				Views/Homepage/Widgets/SpendingGraph.swift,
				Views/Homepage/Widgets/UpcomingBillsView.swift,
				Views/Income/AnyDevotionCloseLook.swift,
				Views/Income/AnyDevotionSnapshotCloseLook.swift,
				Views/Income/DevotionGroupsGraph.swift,
				Views/Income/IncomeDevotionsEditor.swift,
				Views/Income/IncomeDevotionsInspect.swift,
				Views/Income/IncomeDivisionCloseInspect.swift,
				Views/Income/IncomeDivisionEdit.swift,
				Views/Income/IncomeDivisionInspect.swift,
				Views/Income/IncomeDivisionPicker.swift,
				Views/Income/IncomeDivisionPropertiesEditor.swift,
				Views/Income/IncomeDivisionPropertiesInspect.swift,
				Views/Income/IncomeDivisions.swift,
				Views/Jobs/AllJobsViewEdit.swift,
				Views/Jobs/HourlyJobEdit.swift,
				Views/Jobs/HourlyJobInspect.swift,
				Views/Jobs/JobTaxEstimator.swift,
				Views/Jobs/SalariedJobEdit.swift,
				Views/Jobs/SalariedJobHelper.swift,
				Views/Jobs/SalariedJobInspect.swift,
				"Views/Launch Screen.storyboard",
				Views/Ledger/Balances/AccountsAuditor.swift,
				Views/Ledger/Balances/AccountsAuditorRowEdit.swift,
				Views/Ledger/Balances/Auditor.swift,
				Views/Ledger/Balances/BalanceStatusText.swift,
				Views/Ledger/Balances/CreditCardHelper.swift,
				Views/Ledger/Balances/CreditCardRowEditor.swift,
				Views/Ledger/BalanceSheet.swift,
				Views/Ledger/Ledger.swift,
				Views/Ledger/LedgerEntryEdit.swift,
				Views/Ledger/LedgerEntryInspect.swift,
				Views/Ledger/Transaction/BalanceCorrection.swift,
				Views/Ledger/Transaction/BatchTransactions.swift,
				Views/Ledger/Transaction/BillPayment.swift,
				Views/Ledger/Transaction/CompositeTransaction.swift,
				Views/Ledger/Transaction/CreditCardTrans.swift,
				Views/Ledger/Transaction/InitialBalance.swift,
				Views/Ledger/Transaction/MiscIncome.swift,
				Views/Ledger/Transaction/PaydayTransaction.swift,
				Views/Ledger/Transaction/PersonLoan.swift,
				Views/Ledger/Transaction/Refund.swift,
				Views/Ledger/Transaction/SimpleTransaction.swift,
				Views/Ledger/Transaction/Transfer.swift,
				Views/Ledger/Transaction/Transfers/ManyManyTransfer.swift,
				Views/Ledger/Transaction/Transfers/ManyOneTransfer.swift,
				Views/Ledger/Transaction/Transfers/ManyTransferFoundation.swift,
				Views/Ledger/Transaction/Transfers/OneManyTransfer.swift,
				Views/Ledger/Transaction/Transfers/OneOneTransfer.swift,
				Views/Ledger/TransactionMenu.swift,
				Views/Ledger/TransactionsView.swift,
				Views/MainView.swift,
				Views/Misc/LoadableView.swift,
				Views/Misc/ShakeEffect.swift,
				Views/Misc/TooltipButton.swift,
				Views/Misc/ValueWrapperField.swift,
				Views/Objects/ContextMenus.swift,
				Views/Objects/Delete.swift,
				Views/Objects/Inspect.swift,
				Views/Objects/Parents.swift,
				Views/Objects/QueryView.swift,
				Views/Objects/Select.swift,
				Views/Objects/Warning.swift,
				Views/Organization/Accounts/AccountEdit.swift,
				Views/Organization/Accounts/AccountInspect.swift,
				Views/Organization/Accounts/AccountsIE.swift,
				Views/Organization/Categories/CategoriesIE.swift,
				Views/Organization/Categories/CategoryEdit.swift,
				Views/Organization/Categories/CategoryInspect.swift,
				Views/Organization/Categories/CategoryTableRow.swift,
				Views/Reports/BalancesReport.swift,
				Views/Reports/ReportBase.swift,
				Views/SettingsView.swift,
				Widgets/Provider.swift,
				Widgets/UpcomingBills.swift,
				Widgets/WidgetDataBundle.swift,
			);
			target = DD4DA9CE2EE4B0D900804A36 /* Edmund */;
		};
		DD5259562EE629F400F56EDB /* Exceptions for "EdmundTests" folder in "EdmundTests" target */ = {
			isa = PBXFileSystemSynchronizedBuildFileExceptionSet;
			membershipExceptions = (
				Old/BudgetMonthTester.swift,
				Old/MonthYearTesting.swift,
				Old/UtilityTestings.swift,
			);
			target = DD4DA9E02EE4B0DA00804A36 /* EdmundTests */;
		};
/* End PBXFileSystemSynchronizedBuildFileExceptionSet section */

/* Begin PBXFileSystemSynchronizedRootGroup section */
		DD4DA9D12EE4B0D900804A36 /* Edmund */ = {
			isa = PBXFileSystemSynchronizedRootGroup;
			exceptions = (
				DD4DA9FE2EE4B0E600804A36 /* Exceptions for "Edmund" folder in "Edmund" target */,
			);
			path = Edmund;
			sourceTree = "<group>";
		};
		DD4DA9E42EE4B0DA00804A36 /* EdmundTests */ = {
			isa = PBXFileSystemSynchronizedRootGroup;
			exceptions = (
				DD5259562EE629F400F56EDB /* Exceptions for "EdmundTests" folder in "EdmundTests" target */,
			);
			path = EdmundTests;
			sourceTree = "<group>";
		};
		DD4DA9EE2EE4B0DA00804A36 /* EdmundUITests */ = {
			isa = PBXFileSystemSynchronizedRootGroup;
			path = EdmundUITests;
			sourceTree = "<group>";
		};
		DD4DABE72EE4B1A300804A36 /* Help */ = {
			isa = PBXFileSystemSynchronizedRootGroup;
			path = Help;
			sourceTree = "<group>";
		};
/* End PBXFileSystemSynchronizedRootGroup section */

/* Begin PBXFrameworksBuildPhase section */
		DD4DA9CC2EE4B0D900804A36 /* Frameworks */ = {
			isa = PBXFrameworksBuildPhase;
			buildActionMask = 2147483647;
			files = (
			);
			runOnlyForDeploymentPostprocessing = 0;
		};
		DD4DA9DE2EE4B0DA00804A36 /* Frameworks */ = {
			isa = PBXFrameworksBuildPhase;
			buildActionMask = 2147483647;
			files = (
			);
			runOnlyForDeploymentPostprocessing = 0;
		};
		DD4DA9E82EE4B0DA00804A36 /* Frameworks */ = {
			isa = PBXFrameworksBuildPhase;
			buildActionMask = 2147483647;
			files = (
			);
			runOnlyForDeploymentPostprocessing = 0;
		};
/* End PBXFrameworksBuildPhase section */

/* Begin PBXGroup section */
		DD4DA9C62EE4B0D900804A36 = {
			isa = PBXGroup;
			children = (
				DDEC5C4C2EE68A0F00A2F89D /* Edmund.xctestplan */,
				DD4DA9D12EE4B0D900804A36 /* Edmund */,
				DD4DA9E42EE4B0DA00804A36 /* EdmundTests */,
				DD4DA9EE2EE4B0DA00804A36 /* EdmundUITests */,
				DD4DA9D02EE4B0D900804A36 /* Products */,
				DD4DABE72EE4B1A300804A36 /* Help */,
			);
			sourceTree = "<group>";
		};
		DD4DA9D02EE4B0D900804A36 /* Products */ = {
			isa = PBXGroup;
			children = (
				DD4DA9CF2EE4B0D900804A36 /* Edmund.app */,
				DD4DA9E12EE4B0DA00804A36 /* EdmundTests.xctest */,
				DD4DA9EB2EE4B0DA00804A36 /* EdmundUITests.xctest */,
			);
			name = Products;
			sourceTree = "<group>";
		};
/* End PBXGroup section */

/* Begin PBXNativeTarget section */
		DD4DA9CE2EE4B0D900804A36 /* Edmund */ = {
			isa = PBXNativeTarget;
			buildConfigurationList = DD4DA9F52EE4B0DA00804A36 /* Build configuration list for PBXNativeTarget "Edmund" */;
			buildPhases = (
				DD4DA9CB2EE4B0D900804A36 /* Sources */,
				DD4DA9CC2EE4B0D900804A36 /* Frameworks */,
				DD4DA9CD2EE4B0D900804A36 /* Resources */,
			);
			buildRules = (
			);
			dependencies = (
			);
			fileSystemSynchronizedGroups = (
				DD4DA9D12EE4B0D900804A36 /* Edmund */,
				DD4DABE72EE4B1A300804A36 /* Help */,
			);
			name = Edmund;
			packageProductDependencies = (
			);
			productName = Edmund;
			productReference = DD4DA9CF2EE4B0D900804A36 /* Edmund.app */;
			productType = "com.apple.product-type.application";
		};
		DD4DA9E02EE4B0DA00804A36 /* EdmundTests */ = {
			isa = PBXNativeTarget;
			buildConfigurationList = DD4DA9F82EE4B0DA00804A36 /* Build configuration list for PBXNativeTarget "EdmundTests" */;
			buildPhases = (
				DD4DA9DD2EE4B0DA00804A36 /* Sources */,
				DD4DA9DE2EE4B0DA00804A36 /* Frameworks */,
				DD4DA9DF2EE4B0DA00804A36 /* Resources */,
			);
			buildRules = (
			);
			dependencies = (
				DD4DA9E32EE4B0DA00804A36 /* PBXTargetDependency */,
			);
			fileSystemSynchronizedGroups = (
				DD4DA9E42EE4B0DA00804A36 /* EdmundTests */,
			);
			name = EdmundTests;
			packageProductDependencies = (
			);
			productName = EdmundTests;
			productReference = DD4DA9E12EE4B0DA00804A36 /* EdmundTests.xctest */;
			productType = "com.apple.product-type.bundle.unit-test";
		};
		DD4DA9EA2EE4B0DA00804A36 /* EdmundUITests */ = {
			isa = PBXNativeTarget;
			buildConfigurationList = DD4DA9FB2EE4B0DA00804A36 /* Build configuration list for PBXNativeTarget "EdmundUITests" */;
			buildPhases = (
				DD4DA9E72EE4B0DA00804A36 /* Sources */,
				DD4DA9E82EE4B0DA00804A36 /* Frameworks */,
				DD4DA9E92EE4B0DA00804A36 /* Resources */,
			);
			buildRules = (
			);
			dependencies = (
				DD4DA9ED2EE4B0DA00804A36 /* PBXTargetDependency */,
			);
			fileSystemSynchronizedGroups = (
				DD4DA9EE2EE4B0DA00804A36 /* EdmundUITests */,
			);
			name = EdmundUITests;
			packageProductDependencies = (
			);
			productName = EdmundUITests;
			productReference = DD4DA9EB2EE4B0DA00804A36 /* EdmundUITests.xctest */;
			productType = "com.apple.product-type.bundle.ui-testing";
		};
/* End PBXNativeTarget section */

/* Begin PBXProject section */
		DD4DA9C72EE4B0D900804A36 /* Project object */ = {
			isa = PBXProject;
			attributes = {
				BuildIndependentTargetsInParallel = 1;
				LastSwiftUpdateCheck = 2610;
				LastUpgradeCheck = 2610;
				TargetAttributes = {
					DD4DA9CE2EE4B0D900804A36 = {
						CreatedOnToolsVersion = 26.1.1;
					};
					DD4DA9E02EE4B0DA00804A36 = {
						CreatedOnToolsVersion = 26.1.1;
						LastSwiftMigration = 2610;
						TestTargetID = DD4DA9CE2EE4B0D900804A36;
					};
					DD4DA9EA2EE4B0DA00804A36 = {
						CreatedOnToolsVersion = 26.1.1;
						TestTargetID = DD4DA9CE2EE4B0D900804A36;
					};
				};
			};
			buildConfigurationList = DD4DA9CA2EE4B0D900804A36 /* Build configuration list for PBXProject "Edmund" */;
			developmentRegion = en;
			hasScannedForEncodings = 0;
			knownRegions = (
				en,
				Base,
			);
			mainGroup = DD4DA9C62EE4B0D900804A36;
			minimizedProjectReferenceProxies = 1;
			preferredProjectObjectVersion = 77;
			productRefGroup = DD4DA9D02EE4B0D900804A36 /* Products */;
			projectDirPath = "";
			projectRoot = "";
			targets = (
				DD4DA9CE2EE4B0D900804A36 /* Edmund */,
				DD4DA9E02EE4B0DA00804A36 /* EdmundTests */,
				DD4DA9EA2EE4B0DA00804A36 /* EdmundUITests */,
			);
		};
/* End PBXProject section */

/* Begin PBXResourcesBuildPhase section */
		DD4DA9CD2EE4B0D900804A36 /* Resources */ = {
			isa = PBXResourcesBuildPhase;
			buildActionMask = 2147483647;
			files = (
			);
			runOnlyForDeploymentPostprocessing = 0;
		};
		DD4DA9DF2EE4B0DA00804A36 /* Resources */ = {
			isa = PBXResourcesBuildPhase;
			buildActionMask = 2147483647;
			files = (
			);
			runOnlyForDeploymentPostprocessing = 0;
		};
		DD4DA9E92EE4B0DA00804A36 /* Resources */ = {
			isa = PBXResourcesBuildPhase;
			buildActionMask = 2147483647;
			files = (
			);
			runOnlyForDeploymentPostprocessing = 0;
		};
/* End PBXResourcesBuildPhase section */

/* Begin PBXSourcesBuildPhase section */
		DD4DA9CB2EE4B0D900804A36 /* Sources */ = {
			isa = PBXSourcesBuildPhase;
			buildActionMask = 2147483647;
			files = (
			);
			runOnlyForDeploymentPostprocessing = 0;
		};
		DD4DA9DD2EE4B0DA00804A36 /* Sources */ = {
			isa = PBXSourcesBuildPhase;
			buildActionMask = 2147483647;
			files = (
			);
			runOnlyForDeploymentPostprocessing = 0;
		};
		DD4DA9E72EE4B0DA00804A36 /* Sources */ = {
			isa = PBXSourcesBuildPhase;
			buildActionMask = 2147483647;
			files = (
			);
			runOnlyForDeploymentPostprocessing = 0;
		};
/* End PBXSourcesBuildPhase section */

/* Begin PBXTargetDependency section */
		DD4DA9E32EE4B0DA00804A36 /* PBXTargetDependency */ = {
			isa = PBXTargetDependency;
			target = DD4DA9CE2EE4B0D900804A36 /* Edmund */;
			targetProxy = DD4DA9E22EE4B0DA00804A36 /* PBXContainerItemProxy */;
		};
		DD4DA9ED2EE4B0DA00804A36 /* PBXTargetDependency */ = {
			isa = PBXTargetDependency;
			target = DD4DA9CE2EE4B0D900804A36 /* Edmund */;
			targetProxy = DD4DA9EC2EE4B0DA00804A36 /* PBXContainerItemProxy */;
		};
/* End PBXTargetDependency section */

/* Begin XCBuildConfiguration section */
		DD4DA9F32EE4B0DA00804A36 /* Debug */ = {
			isa = XCBuildConfiguration;
			buildSettings = {
				ALWAYS_SEARCH_USER_PATHS = NO;
				ASSETCATALOG_COMPILER_GENERATE_SWIFT_ASSET_SYMBOL_EXTENSIONS = YES;
				CLANG_ANALYZER_NONNULL = YES;
				CLANG_ANALYZER_NUMBER_OBJECT_CONVERSION = YES_AGGRESSIVE;
				CLANG_CXX_LANGUAGE_STANDARD = "gnu++20";
				CLANG_ENABLE_MODULES = YES;
				CLANG_ENABLE_OBJC_ARC = YES;
				CLANG_ENABLE_OBJC_WEAK = YES;
				CLANG_WARN_BLOCK_CAPTURE_AUTORELEASING = YES;
				CLANG_WARN_BOOL_CONVERSION = YES;
				CLANG_WARN_COMMA = YES;
				CLANG_WARN_CONSTANT_CONVERSION = YES;
				CLANG_WARN_DEPRECATED_OBJC_IMPLEMENTATIONS = YES;
				CLANG_WARN_DIRECT_OBJC_ISA_USAGE = YES_ERROR;
				CLANG_WARN_DOCUMENTATION_COMMENTS = YES;
				CLANG_WARN_EMPTY_BODY = YES;
				CLANG_WARN_ENUM_CONVERSION = YES;
				CLANG_WARN_INFINITE_RECURSION = YES;
				CLANG_WARN_INT_CONVERSION = YES;
				CLANG_WARN_NON_LITERAL_NULL_CONVERSION = YES;
				CLANG_WARN_OBJC_IMPLICIT_RETAIN_SELF = YES;
				CLANG_WARN_OBJC_LITERAL_CONVERSION = YES;
				CLANG_WARN_OBJC_ROOT_CLASS = YES_ERROR;
				CLANG_WARN_QUOTED_INCLUDE_IN_FRAMEWORK_HEADER = YES;
				CLANG_WARN_RANGE_LOOP_ANALYSIS = YES;
				CLANG_WARN_STRICT_PROTOTYPES = YES;
				CLANG_WARN_SUSPICIOUS_MOVE = YES;
				CLANG_WARN_UNGUARDED_AVAILABILITY = YES_AGGRESSIVE;
				CLANG_WARN_UNREACHABLE_CODE = YES;
				CLANG_WARN__DUPLICATE_METHOD_MATCH = YES;
				COPY_PHASE_STRIP = NO;
				DEBUG_INFORMATION_FORMAT = dwarf;
				DEVELOPMENT_TEAM = 8QF4NKZP3V;
				ENABLE_STRICT_OBJC_MSGSEND = YES;
				ENABLE_TESTABILITY = YES;
				ENABLE_USER_SCRIPT_SANDBOXING = YES;
				GCC_C_LANGUAGE_STANDARD = gnu17;
				GCC_DYNAMIC_NO_PIC = NO;
				GCC_NO_COMMON_BLOCKS = YES;
				GCC_OPTIMIZATION_LEVEL = 0;
				GCC_PREPROCESSOR_DEFINITIONS = (
					"DEBUG=1",
					"$(inherited)",
				);
				GCC_WARN_64_TO_32_BIT_CONVERSION = YES;
				GCC_WARN_ABOUT_RETURN_TYPE = YES_ERROR;
				GCC_WARN_UNDECLARED_SELECTOR = YES;
				GCC_WARN_UNINITIALIZED_AUTOS = YES_AGGRESSIVE;
				GCC_WARN_UNUSED_FUNCTION = YES;
				GCC_WARN_UNUSED_VARIABLE = YES;
				LOCALIZATION_PREFERS_STRING_CATALOGS = YES;
				MTL_ENABLE_DEBUG_INFO = INCLUDE_SOURCE;
				MTL_FAST_MATH = YES;
				ONLY_ACTIVE_ARCH = YES;
				SWIFT_ACTIVE_COMPILATION_CONDITIONS = "DEBUG $(inherited)";
				SWIFT_OPTIMIZATION_LEVEL = "-Onone";
			};
			name = Debug;
		};
		DD4DA9F42EE4B0DA00804A36 /* Release */ = {
			isa = XCBuildConfiguration;
			buildSettings = {
				ALWAYS_SEARCH_USER_PATHS = NO;
				ASSETCATALOG_COMPILER_GENERATE_SWIFT_ASSET_SYMBOL_EXTENSIONS = YES;
				CLANG_ANALYZER_NONNULL = YES;
				CLANG_ANALYZER_NUMBER_OBJECT_CONVERSION = YES_AGGRESSIVE;
				CLANG_CXX_LANGUAGE_STANDARD = "gnu++20";
				CLANG_ENABLE_MODULES = YES;
				CLANG_ENABLE_OBJC_ARC = YES;
				CLANG_ENABLE_OBJC_WEAK = YES;
				CLANG_WARN_BLOCK_CAPTURE_AUTORELEASING = YES;
				CLANG_WARN_BOOL_CONVERSION = YES;
				CLANG_WARN_COMMA = YES;
				CLANG_WARN_CONSTANT_CONVERSION = YES;
				CLANG_WARN_DEPRECATED_OBJC_IMPLEMENTATIONS = YES;
				CLANG_WARN_DIRECT_OBJC_ISA_USAGE = YES_ERROR;
				CLANG_WARN_DOCUMENTATION_COMMENTS = YES;
				CLANG_WARN_EMPTY_BODY = YES;
				CLANG_WARN_ENUM_CONVERSION = YES;
				CLANG_WARN_INFINITE_RECURSION = YES;
				CLANG_WARN_INT_CONVERSION = YES;
				CLANG_WARN_NON_LITERAL_NULL_CONVERSION = YES;
				CLANG_WARN_OBJC_IMPLICIT_RETAIN_SELF = YES;
				CLANG_WARN_OBJC_LITERAL_CONVERSION = YES;
				CLANG_WARN_OBJC_ROOT_CLASS = YES_ERROR;
				CLANG_WARN_QUOTED_INCLUDE_IN_FRAMEWORK_HEADER = YES;
				CLANG_WARN_RANGE_LOOP_ANALYSIS = YES;
				CLANG_WARN_STRICT_PROTOTYPES = YES;
				CLANG_WARN_SUSPICIOUS_MOVE = YES;
				CLANG_WARN_UNGUARDED_AVAILABILITY = YES_AGGRESSIVE;
				CLANG_WARN_UNREACHABLE_CODE = YES;
				CLANG_WARN__DUPLICATE_METHOD_MATCH = YES;
				COPY_PHASE_STRIP = NO;
				DEBUG_INFORMATION_FORMAT = "dwarf-with-dsym";
				DEVELOPMENT_TEAM = 8QF4NKZP3V;
				ENABLE_NS_ASSERTIONS = NO;
				ENABLE_STRICT_OBJC_MSGSEND = YES;
				ENABLE_USER_SCRIPT_SANDBOXING = YES;
				GCC_C_LANGUAGE_STANDARD = gnu17;
				GCC_NO_COMMON_BLOCKS = YES;
				GCC_WARN_64_TO_32_BIT_CONVERSION = YES;
				GCC_WARN_ABOUT_RETURN_TYPE = YES_ERROR;
				GCC_WARN_UNDECLARED_SELECTOR = YES;
				GCC_WARN_UNINITIALIZED_AUTOS = YES_AGGRESSIVE;
				GCC_WARN_UNUSED_FUNCTION = YES;
				GCC_WARN_UNUSED_VARIABLE = YES;
				LOCALIZATION_PREFERS_STRING_CATALOGS = YES;
				MTL_ENABLE_DEBUG_INFO = NO;
				MTL_FAST_MATH = YES;
				SWIFT_COMPILATION_MODE = wholemodule;
			};
			name = Release;
		};
		DD4DA9F62EE4B0DA00804A36 /* Debug */ = {
			isa = XCBuildConfiguration;
			buildSettings = {
				ASSETCATALOG_COMPILER_APPICON_NAME = AppIcon;
				ASSETCATALOG_COMPILER_GLOBAL_ACCENT_COLOR_NAME = AccentColor;
				CODE_SIGN_STYLE = Automatic;
				CURRENT_PROJECT_VERSION = 1;
				DEVELOPMENT_TEAM = 8QF4NKZP3V;
				ENABLE_APP_SANDBOX = YES;
				ENABLE_HARDENED_RUNTIME = YES;
				ENABLE_INCOMING_NETWORK_CONNECTIONS = NO;
				ENABLE_OUTGOING_NETWORK_CONNECTIONS = NO;
				ENABLE_PREVIEWS = YES;
				ENABLE_RESOURCE_ACCESS_AUDIO_INPUT = NO;
				ENABLE_RESOURCE_ACCESS_BLUETOOTH = NO;
				ENABLE_RESOURCE_ACCESS_CALENDARS = NO;
				ENABLE_RESOURCE_ACCESS_CAMERA = NO;
				ENABLE_RESOURCE_ACCESS_CONTACTS = NO;
				ENABLE_RESOURCE_ACCESS_LOCATION = NO;
				ENABLE_RESOURCE_ACCESS_PRINTING = NO;
				ENABLE_RESOURCE_ACCESS_USB = NO;
				ENABLE_USER_SELECTED_FILES = readonly;
				GENERATE_INFOPLIST_FILE = YES;
				INFOPLIST_KEY_CFBundleDisplayName = Edmund;
				INFOPLIST_KEY_LSApplicationCategoryType = "public.app-category.productivity";
				"INFOPLIST_KEY_UIApplicationSceneManifest_Generation[sdk=iphoneos*]" = YES;
				"INFOPLIST_KEY_UIApplicationSceneManifest_Generation[sdk=iphonesimulator*]" = YES;
				"INFOPLIST_KEY_UIApplicationSupportsIndirectInputEvents[sdk=iphoneos*]" = YES;
				"INFOPLIST_KEY_UIApplicationSupportsIndirectInputEvents[sdk=iphonesimulator*]" = YES;
				"INFOPLIST_KEY_UILaunchScreen_Generation[sdk=iphoneos*]" = YES;
				"INFOPLIST_KEY_UILaunchScreen_Generation[sdk=iphonesimulator*]" = YES;
				"INFOPLIST_KEY_UIStatusBarStyle[sdk=iphoneos*]" = UIStatusBarStyleDefault;
				"INFOPLIST_KEY_UIStatusBarStyle[sdk=iphonesimulator*]" = UIStatusBarStyleDefault;
				INFOPLIST_KEY_UISupportedInterfaceOrientations_iPad = "UIInterfaceOrientationPortrait UIInterfaceOrientationPortraitUpsideDown UIInterfaceOrientationLandscapeLeft UIInterfaceOrientationLandscapeRight";
				INFOPLIST_KEY_UISupportedInterfaceOrientations_iPhone = "UIInterfaceOrientationPortrait UIInterfaceOrientationLandscapeLeft UIInterfaceOrientationLandscapeRight";
				IPHONEOS_DEPLOYMENT_TARGET = 18.0;
				LD_RUNPATH_SEARCH_PATHS = "@executable_path/Frameworks";
				"LD_RUNPATH_SEARCH_PATHS[sdk=macosx*]" = "@executable_path/../Frameworks";
				MACOSX_DEPLOYMENT_TARGET = 15.0;
				MARKETING_VERSION = 2.0;
				PRODUCT_BUNDLE_IDENTIFIER = com.exdisj.Edmund;
				PRODUCT_NAME = "$(TARGET_NAME)";
				REGISTER_APP_GROUPS = YES;
				SDKROOT = auto;
				STRING_CATALOG_GENERATE_SYMBOLS = YES;
				SUPPORTED_PLATFORMS = "iphoneos iphonesimulator macosx";
				SUPPORTS_MACCATALYST = NO;
				SWIFT_APPROACHABLE_CONCURRENCY = YES;
				SWIFT_DEFAULT_ACTOR_ISOLATION = nonisolated;
				SWIFT_EMIT_LOC_STRINGS = YES;
				SWIFT_UPCOMING_FEATURE_MEMBER_IMPORT_VISIBILITY = YES;
				SWIFT_VERSION = 6.0;
				TARGETED_DEVICE_FAMILY = "1,2";
				XROS_DEPLOYMENT_TARGET = 26.1;
			};
			name = Debug;
		};
		DD4DA9F72EE4B0DA00804A36 /* Release */ = {
			isa = XCBuildConfiguration;
			buildSettings = {
				ASSETCATALOG_COMPILER_APPICON_NAME = AppIcon;
				ASSETCATALOG_COMPILER_GLOBAL_ACCENT_COLOR_NAME = AccentColor;
				CODE_SIGN_STYLE = Automatic;
				CURRENT_PROJECT_VERSION = 1;
				DEVELOPMENT_TEAM = 8QF4NKZP3V;
				ENABLE_APP_SANDBOX = YES;
				ENABLE_HARDENED_RUNTIME = YES;
				ENABLE_INCOMING_NETWORK_CONNECTIONS = NO;
				ENABLE_OUTGOING_NETWORK_CONNECTIONS = NO;
				ENABLE_PREVIEWS = YES;
				ENABLE_RESOURCE_ACCESS_AUDIO_INPUT = NO;
				ENABLE_RESOURCE_ACCESS_BLUETOOTH = NO;
				ENABLE_RESOURCE_ACCESS_CALENDARS = NO;
				ENABLE_RESOURCE_ACCESS_CAMERA = NO;
				ENABLE_RESOURCE_ACCESS_CONTACTS = NO;
				ENABLE_RESOURCE_ACCESS_LOCATION = NO;
				ENABLE_RESOURCE_ACCESS_PRINTING = NO;
				ENABLE_RESOURCE_ACCESS_USB = NO;
				ENABLE_USER_SELECTED_FILES = readonly;
				GENERATE_INFOPLIST_FILE = YES;
				INFOPLIST_KEY_CFBundleDisplayName = Edmund;
				INFOPLIST_KEY_LSApplicationCategoryType = "public.app-category.productivity";
				"INFOPLIST_KEY_UIApplicationSceneManifest_Generation[sdk=iphoneos*]" = YES;
				"INFOPLIST_KEY_UIApplicationSceneManifest_Generation[sdk=iphonesimulator*]" = YES;
				"INFOPLIST_KEY_UIApplicationSupportsIndirectInputEvents[sdk=iphoneos*]" = YES;
				"INFOPLIST_KEY_UIApplicationSupportsIndirectInputEvents[sdk=iphonesimulator*]" = YES;
				"INFOPLIST_KEY_UILaunchScreen_Generation[sdk=iphoneos*]" = YES;
				"INFOPLIST_KEY_UILaunchScreen_Generation[sdk=iphonesimulator*]" = YES;
				"INFOPLIST_KEY_UIStatusBarStyle[sdk=iphoneos*]" = UIStatusBarStyleDefault;
				"INFOPLIST_KEY_UIStatusBarStyle[sdk=iphonesimulator*]" = UIStatusBarStyleDefault;
				INFOPLIST_KEY_UISupportedInterfaceOrientations_iPad = "UIInterfaceOrientationPortrait UIInterfaceOrientationPortraitUpsideDown UIInterfaceOrientationLandscapeLeft UIInterfaceOrientationLandscapeRight";
				INFOPLIST_KEY_UISupportedInterfaceOrientations_iPhone = "UIInterfaceOrientationPortrait UIInterfaceOrientationLandscapeLeft UIInterfaceOrientationLandscapeRight";
				IPHONEOS_DEPLOYMENT_TARGET = 18.0;
				LD_RUNPATH_SEARCH_PATHS = "@executable_path/Frameworks";
				"LD_RUNPATH_SEARCH_PATHS[sdk=macosx*]" = "@executable_path/../Frameworks";
				MACOSX_DEPLOYMENT_TARGET = 15.0;
				MARKETING_VERSION = 2.0;
				PRODUCT_BUNDLE_IDENTIFIER = com.exdisj.Edmund;
				PRODUCT_NAME = "$(TARGET_NAME)";
				REGISTER_APP_GROUPS = YES;
				SDKROOT = auto;
				STRING_CATALOG_GENERATE_SYMBOLS = YES;
				SUPPORTED_PLATFORMS = "iphoneos iphonesimulator macosx";
				SUPPORTS_MACCATALYST = NO;
				SWIFT_APPROACHABLE_CONCURRENCY = YES;
				SWIFT_DEFAULT_ACTOR_ISOLATION = nonisolated;
				SWIFT_EMIT_LOC_STRINGS = YES;
				SWIFT_UPCOMING_FEATURE_MEMBER_IMPORT_VISIBILITY = YES;
				SWIFT_VERSION = 6.0;
				TARGETED_DEVICE_FAMILY = "1,2";
				XROS_DEPLOYMENT_TARGET = 26.1;
			};
			name = Release;
		};
		DD4DA9F92EE4B0DA00804A36 /* Debug */ = {
			isa = XCBuildConfiguration;
			buildSettings = {
				BUNDLE_LOADER = "$(TEST_HOST)";
				CLANG_ENABLE_MODULES = YES;
				CODE_SIGN_STYLE = Automatic;
				CURRENT_PROJECT_VERSION = 1;
				DEVELOPMENT_TEAM = 8QF4NKZP3V;
				GENERATE_INFOPLIST_FILE = YES;
				IPHONEOS_DEPLOYMENT_TARGET = 26.1;
				MACOSX_DEPLOYMENT_TARGET = 26.1;
				MARKETING_VERSION = 1.0;
				PRODUCT_BUNDLE_IDENTIFIER = com.exdisj.EdmundTests;
				PRODUCT_NAME = "$(TARGET_NAME)";
				SDKROOT = auto;
				STRING_CATALOG_GENERATE_SYMBOLS = NO;
				SUPPORTED_PLATFORMS = "iphoneos iphonesimulator macosx";
				SUPPORTS_MACCATALYST = NO;
				SWIFT_APPROACHABLE_CONCURRENCY = YES;
				SWIFT_EMIT_LOC_STRINGS = NO;
				SWIFT_OPTIMIZATION_LEVEL = "-Onone";
				SWIFT_UPCOMING_FEATURE_MEMBER_IMPORT_VISIBILITY = YES;
				SWIFT_VERSION = 5.0;
				TARGETED_DEVICE_FAMILY = "1,2";
				TEST_HOST = "$(BUILT_PRODUCTS_DIR)/Edmund.app/$(BUNDLE_EXECUTABLE_FOLDER_PATH)/Edmund";
				XROS_DEPLOYMENT_TARGET = 26.1;
			};
			name = Debug;
		};
		DD4DA9FA2EE4B0DA00804A36 /* Release */ = {
			isa = XCBuildConfiguration;
			buildSettings = {
				BUNDLE_LOADER = "$(TEST_HOST)";
				CLANG_ENABLE_MODULES = YES;
				CODE_SIGN_STYLE = Automatic;
				CURRENT_PROJECT_VERSION = 1;
				DEVELOPMENT_TEAM = 8QF4NKZP3V;
				GENERATE_INFOPLIST_FILE = YES;
				IPHONEOS_DEPLOYMENT_TARGET = 26.1;
				MACOSX_DEPLOYMENT_TARGET = 26.1;
				MARKETING_VERSION = 1.0;
				PRODUCT_BUNDLE_IDENTIFIER = com.exdisj.EdmundTests;
				PRODUCT_NAME = "$(TARGET_NAME)";
				SDKROOT = auto;
				STRING_CATALOG_GENERATE_SYMBOLS = NO;
				SUPPORTED_PLATFORMS = "iphoneos iphonesimulator macosx";
				SUPPORTS_MACCATALYST = NO;
				SWIFT_APPROACHABLE_CONCURRENCY = YES;
				SWIFT_EMIT_LOC_STRINGS = NO;
				SWIFT_UPCOMING_FEATURE_MEMBER_IMPORT_VISIBILITY = YES;
				SWIFT_VERSION = 5.0;
				TARGETED_DEVICE_FAMILY = "1,2";
				TEST_HOST = "$(BUILT_PRODUCTS_DIR)/Edmund.app/$(BUNDLE_EXECUTABLE_FOLDER_PATH)/Edmund";
				XROS_DEPLOYMENT_TARGET = 26.1;
			};
			name = Release;
		};
		DD4DA9FC2EE4B0DA00804A36 /* Debug */ = {
			isa = XCBuildConfiguration;
			buildSettings = {
				CODE_SIGN_STYLE = Automatic;
				CURRENT_PROJECT_VERSION = 1;
				DEVELOPMENT_TEAM = 8QF4NKZP3V;
				GENERATE_INFOPLIST_FILE = YES;
				IPHONEOS_DEPLOYMENT_TARGET = 26.1;
				MACOSX_DEPLOYMENT_TARGET = 26.1;
				MARKETING_VERSION = 1.0;
				PRODUCT_BUNDLE_IDENTIFIER = com.exdisj.EdmundUITests;
				PRODUCT_NAME = "$(TARGET_NAME)";
				SDKROOT = auto;
				STRING_CATALOG_GENERATE_SYMBOLS = NO;
				SUPPORTED_PLATFORMS = "iphoneos iphonesimulator macosx xros xrsimulator";
				SWIFT_APPROACHABLE_CONCURRENCY = YES;
				SWIFT_EMIT_LOC_STRINGS = NO;
				SWIFT_UPCOMING_FEATURE_MEMBER_IMPORT_VISIBILITY = YES;
				SWIFT_VERSION = 5.0;
				TARGETED_DEVICE_FAMILY = "1,2,7";
				TEST_TARGET_NAME = Edmund;
				XROS_DEPLOYMENT_TARGET = 26.1;
			};
			name = Debug;
		};
		DD4DA9FD2EE4B0DA00804A36 /* Release */ = {
			isa = XCBuildConfiguration;
			buildSettings = {
				CODE_SIGN_STYLE = Automatic;
				CURRENT_PROJECT_VERSION = 1;
				DEVELOPMENT_TEAM = 8QF4NKZP3V;
				GENERATE_INFOPLIST_FILE = YES;
				IPHONEOS_DEPLOYMENT_TARGET = 26.1;
				MACOSX_DEPLOYMENT_TARGET = 26.1;
				MARKETING_VERSION = 1.0;
				PRODUCT_BUNDLE_IDENTIFIER = com.exdisj.EdmundUITests;
				PRODUCT_NAME = "$(TARGET_NAME)";
				SDKROOT = auto;
				STRING_CATALOG_GENERATE_SYMBOLS = NO;
				SUPPORTED_PLATFORMS = "iphoneos iphonesimulator macosx xros xrsimulator";
				SWIFT_APPROACHABLE_CONCURRENCY = YES;
				SWIFT_EMIT_LOC_STRINGS = NO;
				SWIFT_UPCOMING_FEATURE_MEMBER_IMPORT_VISIBILITY = YES;
				SWIFT_VERSION = 5.0;
				TARGETED_DEVICE_FAMILY = "1,2,7";
				TEST_TARGET_NAME = Edmund;
				XROS_DEPLOYMENT_TARGET = 26.1;
			};
			name = Release;
		};
/* End XCBuildConfiguration section */

/* Begin XCConfigurationList section */
		DD4DA9CA2EE4B0D900804A36 /* Build configuration list for PBXProject "Edmund" */ = {
			isa = XCConfigurationList;
			buildConfigurations = (
				DD4DA9F32EE4B0DA00804A36 /* Debug */,
				DD4DA9F42EE4B0DA00804A36 /* Release */,
			);
			defaultConfigurationIsVisible = 0;
			defaultConfigurationName = Release;
		};
		DD4DA9F52EE4B0DA00804A36 /* Build configuration list for PBXNativeTarget "Edmund" */ = {
			isa = XCConfigurationList;
			buildConfigurations = (
				DD4DA9F62EE4B0DA00804A36 /* Debug */,
				DD4DA9F72EE4B0DA00804A36 /* Release */,
			);
			defaultConfigurationIsVisible = 0;
			defaultConfigurationName = Release;
		};
		DD4DA9F82EE4B0DA00804A36 /* Build configuration list for PBXNativeTarget "EdmundTests" */ = {
			isa = XCConfigurationList;
			buildConfigurations = (
				DD4DA9F92EE4B0DA00804A36 /* Debug */,
				DD4DA9FA2EE4B0DA00804A36 /* Release */,
			);
			defaultConfigurationIsVisible = 0;
			defaultConfigurationName = Release;
		};
		DD4DA9FB2EE4B0DA00804A36 /* Build configuration list for PBXNativeTarget "EdmundUITests" */ = {
			isa = XCConfigurationList;
			buildConfigurations = (
				DD4DA9FC2EE4B0DA00804A36 /* Debug */,
				DD4DA9FD2EE4B0DA00804A36 /* Release */,
			);
			defaultConfigurationIsVisible = 0;
			defaultConfigurationName = Release;
		};
/* End XCConfigurationList section */
	};
	rootObject = DD4DA9C72EE4B0D900804A36 /* Project object */;
}
